// !$*UTF8*$!
{
	archiveVersion = 1;
	classes = {
	};
	objectVersion = 46;
	objects = {

/* Begin PBXBuildFile section */
		5F2E0E8A151E7FCE00A74A75 /* Foundation.framework in Frameworks */ = {isa = PBXBuildFile; fileRef = 5F2E0E89151E7FCE00A74A75 /* Foundation.framework */; };
		5F2E0E8C151E7FCE00A74A75 /* UIKit.framework in Frameworks */ = {isa = PBXBuildFile; fileRef = 5F2E0E8B151E7FCE00A74A75 /* UIKit.framework */; };
		5F2E0E8E151E7FCE00A74A75 /* CoreGraphics.framework in Frameworks */ = {isa = PBXBuildFile; fileRef = 5F2E0E8D151E7FCE00A74A75 /* CoreGraphics.framework */; };
		5F2E0E90151E7FCE00A74A75 /* AddressBook.framework in Frameworks */ = {isa = PBXBuildFile; fileRef = 5F2E0E8F151E7FCE00A74A75 /* AddressBook.framework */; };
		5F2E0E92151E7FCE00A74A75 /* AddressBookUI.framework in Frameworks */ = {isa = PBXBuildFile; fileRef = 5F2E0E91151E7FCE00A74A75 /* AddressBookUI.framework */; };
		5F2E0E94151E7FCE00A74A75 /* AudioToolbox.framework in Frameworks */ = {isa = PBXBuildFile; fileRef = 5F2E0E93151E7FCE00A74A75 /* AudioToolbox.framework */; };
		5F2E0E96151E7FCE00A74A75 /* AVFoundation.framework in Frameworks */ = {isa = PBXBuildFile; fileRef = 5F2E0E95151E7FCE00A74A75 /* AVFoundation.framework */; };
		5F2E0E98151E7FCE00A74A75 /* CoreLocation.framework in Frameworks */ = {isa = PBXBuildFile; fileRef = 5F2E0E97151E7FCE00A74A75 /* CoreLocation.framework */; };
		5F2E0E9A151E7FCE00A74A75 /* MediaPlayer.framework in Frameworks */ = {isa = PBXBuildFile; fileRef = 5F2E0E99151E7FCE00A74A75 /* MediaPlayer.framework */; };
		5F2E0E9C151E7FCE00A74A75 /* QuartzCore.framework in Frameworks */ = {isa = PBXBuildFile; fileRef = 5F2E0E9B151E7FCE00A74A75 /* QuartzCore.framework */; };
		5F2E0E9E151E7FCE00A74A75 /* SystemConfiguration.framework in Frameworks */ = {isa = PBXBuildFile; fileRef = 5F2E0E9D151E7FCE00A74A75 /* SystemConfiguration.framework */; };
		5F2E0EA0151E7FCE00A74A75 /* MobileCoreServices.framework in Frameworks */ = {isa = PBXBuildFile; fileRef = 5F2E0E9F151E7FCE00A74A75 /* MobileCoreServices.framework */; };
		5F2E0EA2151E7FCE00A74A75 /* CoreMedia.framework in Frameworks */ = {isa = PBXBuildFile; fileRef = 5F2E0EA1151E7FCE00A74A75 /* CoreMedia.framework */; };
		5F2E0EA8151E7FCE00A74A75 /* InfoPlist.strings in Resources */ = {isa = PBXBuildFile; fileRef = 5F2E0EA6151E7FCE00A74A75 /* InfoPlist.strings */; };
		5F2E0EAA151E7FCE00A74A75 /* main.m in Sources */ = {isa = PBXBuildFile; fileRef = 5F2E0EA9151E7FCE00A74A75 /* main.m */; };
		5F2E0EAD151E7FCE00A74A75 /* PhoneGap.framework in Frameworks */ = {isa = PBXBuildFile; fileRef = 5F2E0EAC151E7FCE00A74A75 /* PhoneGap.framework */; };
		5F2E0EB2151E7FCE00A74A75 /* Localizable.strings in Resources */ = {isa = PBXBuildFile; fileRef = 5F2E0EB0151E7FCE00A74A75 /* Localizable.strings */; };
		5F2E0EB6151E7FCE00A74A75 /* Localizable.strings in Resources */ = {isa = PBXBuildFile; fileRef = 5F2E0EB4151E7FCE00A74A75 /* Localizable.strings */; };
		5F2E0EB9151E7FCE00A74A75 /* icon.png in Resources */ = {isa = PBXBuildFile; fileRef = 5F2E0EB8151E7FCE00A74A75 /* icon.png */; };
		5F2E0EBB151E7FCE00A74A75 /* icon@2x.png in Resources */ = {isa = PBXBuildFile; fileRef = 5F2E0EBA151E7FCE00A74A75 /* icon@2x.png */; };
		5F2E0EBD151E7FCE00A74A75 /* icon-72.png in Resources */ = {isa = PBXBuildFile; fileRef = 5F2E0EBC151E7FCE00A74A75 /* icon-72.png */; };
		5F2E0EC0151E7FCE00A74A75 /* Default.png in Resources */ = {isa = PBXBuildFile; fileRef = 5F2E0EBF151E7FCE00A74A75 /* Default.png */; };
		5F2E0EC2151E7FCE00A74A75 /* Default@2x.png in Resources */ = {isa = PBXBuildFile; fileRef = 5F2E0EC1151E7FCE00A74A75 /* Default@2x.png */; };
		5F2E0EC4151E7FCE00A74A75 /* Capture.bundle in Resources */ = {isa = PBXBuildFile; fileRef = 5F2E0EC3151E7FCE00A74A75 /* Capture.bundle */; };
		5F2E0EC6151E7FCE00A74A75 /* PhoneGap.plist in Resources */ = {isa = PBXBuildFile; fileRef = 5F2E0EC5151E7FCE00A74A75 /* PhoneGap.plist */; };
		5F2E0ECA151E7FCE00A74A75 /* AppDelegate.m in Sources */ = {isa = PBXBuildFile; fileRef = 5F2E0EC9151E7FCE00A74A75 /* AppDelegate.m */; };
		5F2E0ED3151E7FF600A74A75 /* www in Resources */ = {isa = PBXBuildFile; fileRef = 5F2E0ED2151E7FF600A74A75 /* www */; };
/* End PBXBuildFile section */

/* Begin PBXFileReference section */
		5F2E0E85151E7FCE00A74A75 /* hack-van-2012.app */ = {isa = PBXFileReference; explicitFileType = wrapper.application; includeInIndex = 0; path = "hack-van-2012.app"; sourceTree = BUILT_PRODUCTS_DIR; };
		5F2E0E89151E7FCE00A74A75 /* Foundation.framework */ = {isa = PBXFileReference; lastKnownFileType = wrapper.framework; name = Foundation.framework; path = System/Library/Frameworks/Foundation.framework; sourceTree = SDKROOT; };
		5F2E0E8B151E7FCE00A74A75 /* UIKit.framework */ = {isa = PBXFileReference; lastKnownFileType = wrapper.framework; name = UIKit.framework; path = System/Library/Frameworks/UIKit.framework; sourceTree = SDKROOT; };
		5F2E0E8D151E7FCE00A74A75 /* CoreGraphics.framework */ = {isa = PBXFileReference; lastKnownFileType = wrapper.framework; name = CoreGraphics.framework; path = System/Library/Frameworks/CoreGraphics.framework; sourceTree = SDKROOT; };
		5F2E0E8F151E7FCE00A74A75 /* AddressBook.framework */ = {isa = PBXFileReference; lastKnownFileType = wrapper.framework; name = AddressBook.framework; path = System/Library/Frameworks/AddressBook.framework; sourceTree = SDKROOT; };
		5F2E0E91151E7FCE00A74A75 /* AddressBookUI.framework */ = {isa = PBXFileReference; lastKnownFileType = wrapper.framework; name = AddressBookUI.framework; path = System/Library/Frameworks/AddressBookUI.framework; sourceTree = SDKROOT; };
		5F2E0E93151E7FCE00A74A75 /* AudioToolbox.framework */ = {isa = PBXFileReference; lastKnownFileType = wrapper.framework; name = AudioToolbox.framework; path = System/Library/Frameworks/AudioToolbox.framework; sourceTree = SDKROOT; };
		5F2E0E95151E7FCE00A74A75 /* AVFoundation.framework */ = {isa = PBXFileReference; lastKnownFileType = wrapper.framework; name = AVFoundation.framework; path = System/Library/Frameworks/AVFoundation.framework; sourceTree = SDKROOT; };
		5F2E0E97151E7FCE00A74A75 /* CoreLocation.framework */ = {isa = PBXFileReference; lastKnownFileType = wrapper.framework; name = CoreLocation.framework; path = System/Library/Frameworks/CoreLocation.framework; sourceTree = SDKROOT; };
		5F2E0E99151E7FCE00A74A75 /* MediaPlayer.framework */ = {isa = PBXFileReference; lastKnownFileType = wrapper.framework; name = MediaPlayer.framework; path = System/Library/Frameworks/MediaPlayer.framework; sourceTree = SDKROOT; };
		5F2E0E9B151E7FCE00A74A75 /* QuartzCore.framework */ = {isa = PBXFileReference; lastKnownFileType = wrapper.framework; name = QuartzCore.framework; path = System/Library/Frameworks/QuartzCore.framework; sourceTree = SDKROOT; };
		5F2E0E9D151E7FCE00A74A75 /* SystemConfiguration.framework */ = {isa = PBXFileReference; lastKnownFileType = wrapper.framework; name = SystemConfiguration.framework; path = System/Library/Frameworks/SystemConfiguration.framework; sourceTree = SDKROOT; };
		5F2E0E9F151E7FCE00A74A75 /* MobileCoreServices.framework */ = {isa = PBXFileReference; lastKnownFileType = wrapper.framework; name = MobileCoreServices.framework; path = System/Library/Frameworks/MobileCoreServices.framework; sourceTree = SDKROOT; };
		5F2E0EA1151E7FCE00A74A75 /* CoreMedia.framework */ = {isa = PBXFileReference; lastKnownFileType = wrapper.framework; name = CoreMedia.framework; path = System/Library/Frameworks/CoreMedia.framework; sourceTree = SDKROOT; };
		5F2E0EA5151E7FCE00A74A75 /* hack-van-2012-Info.plist */ = {isa = PBXFileReference; lastKnownFileType = text.plist.xml; path = "hack-van-2012-Info.plist"; sourceTree = "<group>"; };
		5F2E0EA7151E7FCE00A74A75 /* en */ = {isa = PBXFileReference; lastKnownFileType = text.plist.strings; name = en; path = en.lproj/InfoPlist.strings; sourceTree = "<group>"; };
		5F2E0EA9151E7FCE00A74A75 /* main.m */ = {isa = PBXFileReference; lastKnownFileType = sourcecode.c.objc; path = main.m; sourceTree = "<group>"; };
		5F2E0EAB151E7FCE00A74A75 /* hack-van-2012-Prefix.pch */ = {isa = PBXFileReference; lastKnownFileType = sourcecode.c.h; path = "hack-van-2012-Prefix.pch"; sourceTree = "<group>"; };
		5F2E0EAC151E7FCE00A74A75 /* PhoneGap.framework */ = {isa = PBXFileReference; lastKnownFileType = wrapper.framework; name = PhoneGap.framework; path = /Users/Shared/PhoneGap/Frameworks/PhoneGap.framework; sourceTree = "<absolute>"; };
		5F2E0EB1151E7FCE00A74A75 /* en */ = {isa = PBXFileReference; lastKnownFileType = text.plist.strings; name = en; path = Resources/en.lproj/Localizable.strings; sourceTree = "<group>"; };
		5F2E0EB5151E7FCE00A74A75 /* es */ = {isa = PBXFileReference; lastKnownFileType = text.plist.strings; name = es; path = Resources/es.lproj/Localizable.strings; sourceTree = "<group>"; };
		5F2E0EB8151E7FCE00A74A75 /* icon.png */ = {isa = PBXFileReference; lastKnownFileType = image.png; name = icon.png; path = Resources/icons/icon.png; sourceTree = "<group>"; };
		5F2E0EBA151E7FCE00A74A75 /* icon@2x.png */ = {isa = PBXFileReference; lastKnownFileType = image.png; name = "icon@2x.png"; path = "Resources/icons/icon@2x.png"; sourceTree = "<group>"; };
		5F2E0EBC151E7FCE00A74A75 /* icon-72.png */ = {isa = PBXFileReference; lastKnownFileType = image.png; name = "icon-72.png"; path = "Resources/icons/icon-72.png"; sourceTree = "<group>"; };
		5F2E0EBF151E7FCE00A74A75 /* Default.png */ = {isa = PBXFileReference; lastKnownFileType = image.png; name = Default.png; path = Resources/splash/Default.png; sourceTree = "<group>"; };
		5F2E0EC1151E7FCE00A74A75 /* Default@2x.png */ = {isa = PBXFileReference; lastKnownFileType = image.png; name = "Default@2x.png"; path = "Resources/splash/Default@2x.png"; sourceTree = "<group>"; };
		5F2E0EC3151E7FCE00A74A75 /* Capture.bundle */ = {isa = PBXFileReference; lastKnownFileType = "wrapper.plug-in"; name = Capture.bundle; path = Resources/Capture.bundle; sourceTree = "<group>"; };
		5F2E0EC5151E7FCE00A74A75 /* PhoneGap.plist */ = {isa = PBXFileReference; lastKnownFileType = text.plist.xml; path = PhoneGap.plist; sourceTree = "<group>"; };
		5F2E0EC8151E7FCE00A74A75 /* AppDelegate.h */ = {isa = PBXFileReference; lastKnownFileType = sourcecode.c.h; name = AppDelegate.h; path = Classes/AppDelegate.h; sourceTree = "<group>"; };
		5F2E0EC9151E7FCE00A74A75 /* AppDelegate.m */ = {isa = PBXFileReference; lastKnownFileType = sourcecode.c.objc; name = AppDelegate.m; path = Classes/AppDelegate.m; sourceTree = "<group>"; };
		5F2E0ECC151E7FCF00A74A75 /* README */ = {isa = PBXFileReference; lastKnownFileType = text; name = README; path = Plugins/README; sourceTree = "<group>"; };
		5F2E0ED2151E7FF600A74A75 /* www */ = {isa = PBXFileReference; lastKnownFileType = folder; name = www; path = ../www; sourceTree = "<group>"; };
/* End PBXFileReference section */

/* Begin PBXFrameworksBuildPhase section */
		5F2E0E7F151E7FCE00A74A75 /* Frameworks */ = {
			isa = PBXFrameworksBuildPhase;
			buildActionMask = 2147483647;
			files = (
				5F2E0E8A151E7FCE00A74A75 /* Foundation.framework in Frameworks */,
				5F2E0E8C151E7FCE00A74A75 /* UIKit.framework in Frameworks */,
				5F2E0E8E151E7FCE00A74A75 /* CoreGraphics.framework in Frameworks */,
				5F2E0E90151E7FCE00A74A75 /* AddressBook.framework in Frameworks */,
				5F2E0E92151E7FCE00A74A75 /* AddressBookUI.framework in Frameworks */,
				5F2E0E94151E7FCE00A74A75 /* AudioToolbox.framework in Frameworks */,
				5F2E0E96151E7FCE00A74A75 /* AVFoundation.framework in Frameworks */,
				5F2E0E98151E7FCE00A74A75 /* CoreLocation.framework in Frameworks */,
				5F2E0E9A151E7FCE00A74A75 /* MediaPlayer.framework in Frameworks */,
				5F2E0E9C151E7FCE00A74A75 /* QuartzCore.framework in Frameworks */,
				5F2E0E9E151E7FCE00A74A75 /* SystemConfiguration.framework in Frameworks */,
				5F2E0EA0151E7FCE00A74A75 /* MobileCoreServices.framework in Frameworks */,
				5F2E0EA2151E7FCE00A74A75 /* CoreMedia.framework in Frameworks */,
				5F2E0EAD151E7FCE00A74A75 /* PhoneGap.framework in Frameworks */,
			);
			runOnlyForDeploymentPostprocessing = 0;
		};
		5F2E0E82151E7FCE00A74A75 /* Frameworks */ = {
			isa = PBXFrameworksBuildPhase;
			buildActionMask = 2147483647;
			files = (
			);
			runOnlyForDeploymentPostprocessing = 0;
		};
/* End PBXFrameworksBuildPhase section */

/* Begin PBXGroup section */
		5F2E0E77151E7FCE00A74A75 = {
			isa = PBXGroup;
			children = (
				5F2E0ED2151E7FF600A74A75 /* www */,
				5F2E0EA3151E7FCE00A74A75 /* hack-van-2012 */,
				5F2E0E88151E7FCE00A74A75 /* Frameworks */,
				5F2E0E86151E7FCE00A74A75 /* Products */,
			);
			sourceTree = "<group>";
		};
		5F2E0E86151E7FCE00A74A75 /* Products */ = {
			isa = PBXGroup;
			children = (
				5F2E0E85151E7FCE00A74A75 /* hack-van-2012.app */,
			);
			name = Products;
			sourceTree = "<group>";
		};
		5F2E0E88151E7FCE00A74A75 /* Frameworks */ = {
			isa = PBXGroup;
			children = (
				5F2E0E89151E7FCE00A74A75 /* Foundation.framework */,
				5F2E0E8B151E7FCE00A74A75 /* UIKit.framework */,
				5F2E0E8D151E7FCE00A74A75 /* CoreGraphics.framework */,
				5F2E0E8F151E7FCE00A74A75 /* AddressBook.framework */,
				5F2E0E91151E7FCE00A74A75 /* AddressBookUI.framework */,
				5F2E0E93151E7FCE00A74A75 /* AudioToolbox.framework */,
				5F2E0E95151E7FCE00A74A75 /* AVFoundation.framework */,
				5F2E0E97151E7FCE00A74A75 /* CoreLocation.framework */,
				5F2E0E99151E7FCE00A74A75 /* MediaPlayer.framework */,
				5F2E0E9B151E7FCE00A74A75 /* QuartzCore.framework */,
				5F2E0E9D151E7FCE00A74A75 /* SystemConfiguration.framework */,
				5F2E0E9F151E7FCE00A74A75 /* MobileCoreServices.framework */,
				5F2E0EA1151E7FCE00A74A75 /* CoreMedia.framework */,
			);
			name = Frameworks;
			sourceTree = "<group>";
		};
		5F2E0EA3151E7FCE00A74A75 /* hack-van-2012 */ = {
			isa = PBXGroup;
			children = (
				5F2E0EAC151E7FCE00A74A75 /* PhoneGap.framework */,
				5F2E0EAE151E7FCE00A74A75 /* Resources */,
				5F2E0EC7151E7FCE00A74A75 /* Classes */,
				5F2E0ECB151E7FCF00A74A75 /* Plugins */,
				5F2E0EA4151E7FCE00A74A75 /* Supporting Files */,
			);
			path = "hack-van-2012";
			sourceTree = "<group>";
		};
		5F2E0EA4151E7FCE00A74A75 /* Supporting Files */ = {
			isa = PBXGroup;
			children = (
				5F2E0EA5151E7FCE00A74A75 /* hack-van-2012-Info.plist */,
				5F2E0EA6151E7FCE00A74A75 /* InfoPlist.strings */,
				5F2E0EA9151E7FCE00A74A75 /* main.m */,
				5F2E0EAB151E7FCE00A74A75 /* hack-van-2012-Prefix.pch */,
				5F2E0EC5151E7FCE00A74A75 /* PhoneGap.plist */,
			);
			name = "Supporting Files";
			sourceTree = "<group>";
		};
		5F2E0EAE151E7FCE00A74A75 /* Resources */ = {
			isa = PBXGroup;
			children = (
				5F2E0EC3151E7FCE00A74A75 /* Capture.bundle */,
				5F2E0EAF151E7FCE00A74A75 /* en.lproj */,
				5F2E0EB3151E7FCE00A74A75 /* es.lproj */,
				5F2E0EB7151E7FCE00A74A75 /* icons */,
				5F2E0EBE151E7FCE00A74A75 /* splash */,
			);
			name = Resources;
			sourceTree = "<group>";
		};
		5F2E0EAF151E7FCE00A74A75 /* en.lproj */ = {
			isa = PBXGroup;
			children = (
				5F2E0EB0151E7FCE00A74A75 /* Localizable.strings */,
			);
			name = en.lproj;
			sourceTree = "<group>";
		};
		5F2E0EB3151E7FCE00A74A75 /* es.lproj */ = {
			isa = PBXGroup;
			children = (
				5F2E0EB4151E7FCE00A74A75 /* Localizable.strings */,
			);
			name = es.lproj;
			sourceTree = "<group>";
		};
		5F2E0EB7151E7FCE00A74A75 /* icons */ = {
			isa = PBXGroup;
			children = (
				5F2E0EB8151E7FCE00A74A75 /* icon.png */,
				5F2E0EBA151E7FCE00A74A75 /* icon@2x.png */,
				5F2E0EBC151E7FCE00A74A75 /* icon-72.png */,
			);
			name = icons;
			sourceTree = "<group>";
		};
		5F2E0EBE151E7FCE00A74A75 /* splash */ = {
			isa = PBXGroup;
			children = (
				5F2E0EBF151E7FCE00A74A75 /* Default.png */,
				5F2E0EC1151E7FCE00A74A75 /* Default@2x.png */,
			);
			name = splash;
			sourceTree = "<group>";
		};
		5F2E0EC7151E7FCE00A74A75 /* Classes */ = {
			isa = PBXGroup;
			children = (
				5F2E0EC8151E7FCE00A74A75 /* AppDelegate.h */,
				5F2E0EC9151E7FCE00A74A75 /* AppDelegate.m */,
			);
			name = Classes;
			sourceTree = "<group>";
		};
		5F2E0ECB151E7FCF00A74A75 /* Plugins */ = {
			isa = PBXGroup;
			children = (
				5F2E0ECC151E7FCF00A74A75 /* README */,
			);
			name = Plugins;
			sourceTree = "<group>";
		};
/* End PBXGroup section */

/* Begin PBXNativeTarget section */
		5F2E0E84151E7FCE00A74A75 /* hack-van-2012 */ = {
			isa = PBXNativeTarget;
			buildConfigurationList = 5F2E0ECF151E7FCF00A74A75 /* Build configuration list for PBXNativeTarget "hack-van-2012" */;
			buildPhases = (
				5F2E0E7E151E7FCE00A74A75 /* Sources */,
				5F2E0E7F151E7FCE00A74A75 /* Frameworks */,
				5F2E0E80151E7FCE00A74A75 /* Resources */,
				5F2E0E81151E7FCE00A74A75 /* Sources */,
				5F2E0E82151E7FCE00A74A75 /* Frameworks */,
				5F2E0E83151E7FCE00A74A75 /* ShellScript */,
			);
			buildRules = (
			);
			dependencies = (
			);
			name = "hack-van-2012";
			productName = "hack-van-2012";
			productReference = 5F2E0E85151E7FCE00A74A75 /* hack-van-2012.app */;
			productType = "com.apple.product-type.application";
		};
/* End PBXNativeTarget section */

/* Begin PBXProject section */
		5F2E0E79151E7FCE00A74A75 /* Project object */ = {
			isa = PBXProject;
			attributes = {
				LastUpgradeCheck = 0430;
			};
			buildConfigurationList = 5F2E0E7C151E7FCE00A74A75 /* Build configuration list for PBXProject "hack-van-2012" */;
			compatibilityVersion = "Xcode 3.2";
			developmentRegion = English;
			hasScannedForEncodings = 0;
			knownRegions = (
				en,
				es,
			);
			mainGroup = 5F2E0E77151E7FCE00A74A75;
			productRefGroup = 5F2E0E86151E7FCE00A74A75 /* Products */;
			projectDirPath = "";
			projectRoot = "";
			targets = (
				5F2E0E84151E7FCE00A74A75 /* hack-van-2012 */,
			);
		};
/* End PBXProject section */

/* Begin PBXResourcesBuildPhase section */
		5F2E0E80151E7FCE00A74A75 /* Resources */ = {
			isa = PBXResourcesBuildPhase;
			buildActionMask = 2147483647;
			files = (
				5F2E0EA8151E7FCE00A74A75 /* InfoPlist.strings in Resources */,
				5F2E0EB2151E7FCE00A74A75 /* Localizable.strings in Resources */,
				5F2E0EB6151E7FCE00A74A75 /* Localizable.strings in Resources */,
				5F2E0EB9151E7FCE00A74A75 /* icon.png in Resources */,
				5F2E0EBB151E7FCE00A74A75 /* icon@2x.png in Resources */,
				5F2E0EBD151E7FCE00A74A75 /* icon-72.png in Resources */,
				5F2E0EC0151E7FCE00A74A75 /* Default.png in Resources */,
				5F2E0EC2151E7FCE00A74A75 /* Default@2x.png in Resources */,
				5F2E0EC4151E7FCE00A74A75 /* Capture.bundle in Resources */,
				5F2E0EC6151E7FCE00A74A75 /* PhoneGap.plist in Resources */,
				5F2E0ED3151E7FF600A74A75 /* www in Resources */,
			);
			runOnlyForDeploymentPostprocessing = 0;
		};
/* End PBXResourcesBuildPhase section */

/* Begin PBXShellScriptBuildPhase section */
		5F2E0E83151E7FCE00A74A75 /* ShellScript */ = {
			isa = PBXShellScriptBuildPhase;
			buildActionMask = 2147483647;
			files = (
			);
			inputPaths = (
			);
			outputPaths = (
			);
			runOnlyForDeploymentPostprocessing = 0;
			shellPath = /bin/bash;
			shellScript = "\n\t\t\t\t\t\t\t\tif [ ! -d \"$PROJECT_DIR/www\" ] ; then\n\t\t\t\t\t\t\t\t\tcp -R /Users/Shared/PhoneGap/Frameworks/PhoneGap.framework/www \"$PROJECT_DIR\"\n\t\t\t\t\t\t\t\tfi\n\t\t\t\t\t\t\t\t# detect www folder reference in project, if missing, print warning\n\t\t\t\t\t\t\t\tgrep \"{isa = PBXFileReference; lastKnownFileType = folder; path = www; sourceTree = \\\"<group>\\\"; };\" \"$PROJECT_DIR/$PROJECT_NAME.xcodeproj/project.pbxproj\"\n\t\t\t\t\t\t\t\trc=$? \n\t\t\t\t\t\t\t\tif [ $rc != 0 ] ; then\n\t\t\t\t\t\t\t\techo -e \"warning: Missing - Add $PROJECT_DIR/www as a folder reference in your project. Just drag and drop the folder into your project, into the Project Navigator of Xcode 4. Make sure you select the second radio-button: 'Create folder references for any added folders' (which will create a blue folder)\" 1>&2\n\t\t\t\t\t\t\t\tfi\t\t\t\t\t\t\t";
		};
/* End PBXShellScriptBuildPhase section */

/* Begin PBXSourcesBuildPhase section */
		5F2E0E7E151E7FCE00A74A75 /* Sources */ = {
			isa = PBXSourcesBuildPhase;
			buildActionMask = 2147483647;
			files = (
				5F2E0EAA151E7FCE00A74A75 /* main.m in Sources */,
				5F2E0ECA151E7FCE00A74A75 /* AppDelegate.m in Sources */,
			);
			runOnlyForDeploymentPostprocessing = 0;
		};
		5F2E0E81151E7FCE00A74A75 /* Sources */ = {
			isa = PBXSourcesBuildPhase;
			buildActionMask = 2147483647;
			files = (
			);
			runOnlyForDeploymentPostprocessing = 0;
		};
/* End PBXSourcesBuildPhase section */

/* Begin PBXVariantGroup section */
		5F2E0EA6151E7FCE00A74A75 /* InfoPlist.strings */ = {
			isa = PBXVariantGroup;
			children = (
				5F2E0EA7151E7FCE00A74A75 /* en */,
			);
			name = InfoPlist.strings;
			sourceTree = "<group>";
		};
		5F2E0EB0151E7FCE00A74A75 /* Localizable.strings */ = {
			isa = PBXVariantGroup;
			children = (
				5F2E0EB1151E7FCE00A74A75 /* en */,
			);
			name = Localizable.strings;
			sourceTree = "<group>";
		};
		5F2E0EB4151E7FCE00A74A75 /* Localizable.strings */ = {
			isa = PBXVariantGroup;
			children = (
				5F2E0EB5151E7FCE00A74A75 /* es */,
			);
			name = Localizable.strings;
			sourceTree = "<group>";
		};
/* End PBXVariantGroup section */

/* Begin XCBuildConfiguration section */
		5F2E0ECD151E7FCF00A74A75 /* Debug */ = {
			isa = XCBuildConfiguration;
			buildSettings = {
				ALWAYS_SEARCH_USER_PATHS = NO;
				ARCHS = "$(ARCHS_STANDARD_32_BIT)";
				CLANG_ENABLE_OBJC_ARC = YES;
				"CODE_SIGN_IDENTITY[sdk=iphoneos*]" = "iPhone Developer";
				COPY_PHASE_STRIP = NO;
				GCC_C_LANGUAGE_STANDARD = gnu99;
				GCC_DYNAMIC_NO_PIC = NO;
				GCC_OPTIMIZATION_LEVEL = 0;
				GCC_PREPROCESSOR_DEFINITIONS = (
					"DEBUG=1",
					"$(inherited)",
				);
				GCC_SYMBOLS_PRIVATE_EXTERN = NO;
				GCC_VERSION = com.apple.compilers.llvmgcc42;
				GCC_WARN_ABOUT_RETURN_TYPE = YES;
				GCC_WARN_UNINITIALIZED_AUTOS = YES;
				GCC_WARN_UNUSED_VARIABLE = YES;
				IPHONEOS_DEPLOYMENT_TARGET = 3.0;
				SDKROOT = iphoneos;
			};
			name = Debug;
		};
		5F2E0ECE151E7FCF00A74A75 /* Release */ = {
			isa = XCBuildConfiguration;
			buildSettings = {
				ALWAYS_SEARCH_USER_PATHS = NO;
				ARCHS = "$(ARCHS_STANDARD_32_BIT)";
				CLANG_ENABLE_OBJC_ARC = YES;
				"CODE_SIGN_IDENTITY[sdk=iphoneos*]" = "iPhone Developer";
				COPY_PHASE_STRIP = YES;
				GCC_C_LANGUAGE_STANDARD = gnu99;
				GCC_VERSION = com.apple.compilers.llvmgcc42;
				GCC_WARN_ABOUT_RETURN_TYPE = YES;
				GCC_WARN_UNINITIALIZED_AUTOS = YES;
				GCC_WARN_UNUSED_VARIABLE = YES;
				IPHONEOS_DEPLOYMENT_TARGET = 3.0;
				SDKROOT = iphoneos;
				VALIDATE_PRODUCT = YES;
			};
			name = Release;
		};
		5F2E0ED0151E7FCF00A74A75 /* Debug */ = {
			isa = XCBuildConfiguration;
			buildSettings = {
				ALWAYS_SEARCH_USER_PATHS = YES;
				COPY_PHASE_STRIP = NO;
				FRAMEWORK_SEARCH_PATHS = /Users/Shared/PhoneGap/Frameworks;
				GCC_DYNAMIC_NO_PIC = NO;
				GCC_PRECOMPILE_PREFIX_HEADER = YES;
				GCC_PREFIX_HEADER = "hack-van-2012/hack-van-2012-Prefix.pch";
				GCC_PREPROCESSOR_DEFINITIONS = "PHONEGAP_FRAMEWORK=YES";
				INFOPLIST_FILE = "hack-van-2012/hack-van-2012-Info.plist";
				OTHER_LDFLAGS = (
					"-weak_framework",
					UIKit,
					"-weak_framework",
					AVFoundation,
					"-weak_framework",
					CoreMedia,
					"-weak_library",
					/usr/lib/libSystem.B.dylib,
				);
				PRODUCT_NAME = "$(TARGET_NAME)";
				TARGETED_DEVICE_FAMILY = "1,2";
				WRAPPER_EXTENSION = app;
			};
			name = Debug;
		};
		5F2E0ED1151E7FCF00A74A75 /* Release */ = {
			isa = XCBuildConfiguration;
			buildSettings = {
				ALWAYS_SEARCH_USER_PATHS = YES;
				COPY_PHASE_STRIP = YES;
				DEBUG_INFORMATION_FORMAT = "dwarf-with-dsym";
				FRAMEWORK_SEARCH_PATHS = /Users/Shared/PhoneGap/Frameworks;
				GCC_PRECOMPILE_PREFIX_HEADER = YES;
				GCC_PREFIX_HEADER = "hack-van-2012/hack-van-2012-Prefix.pch";
				GCC_PREPROCESSOR_DEFINITIONS = "PHONEGAP_FRAMEWORK=YES";
				INFOPLIST_FILE = "hack-van-2012/hack-van-2012-Info.plist";
				OTHER_LDFLAGS = (
					"-weak_framework",
					UIKit,
					"-weak_framework",
					AVFoundation,
					"-weak_framework",
					CoreMedia,
					"-weak_library",
					/usr/lib/libSystem.B.dylib,
				);
				PRODUCT_NAME = "$(TARGET_NAME)";
				TARGETED_DEVICE_FAMILY = "1,2";
				VALIDATE_PRODUCT = YES;
				WRAPPER_EXTENSION = app;
			};
			name = Release;
		};
/* End XCBuildConfiguration section */

/* Begin XCConfigurationList section */
		5F2E0E7C151E7FCE00A74A75 /* Build configuration list for PBXProject "hack-van-2012" */ = {
			isa = XCConfigurationList;
			buildConfigurations = (
				5F2E0ECD151E7FCF00A74A75 /* Debug */,
				5F2E0ECE151E7FCF00A74A75 /* Release */,
			);
			defaultConfigurationIsVisible = 0;
			defaultConfigurationName = Release;
		};
		5F2E0ECF151E7FCF00A74A75 /* Build configuration list for PBXNativeTarget "hack-van-2012" */ = {
			isa = XCConfigurationList;
			buildConfigurations = (
				5F2E0ED0151E7FCF00A74A75 /* Debug */,
				5F2E0ED1151E7FCF00A74A75 /* Release */,
			);
			defaultConfigurationIsVisible = 0;
		};
/* End XCConfigurationList section */
	};
	rootObject = 5F2E0E79151E7FCE00A74A75 /* Project object */;
}
